
Microsoft Visual Studio Solution File, Format Version 12.00
# Visual Studio Version 16
VisualStudioVersion = 16.0.29025.244
MinimumVisualStudioVersion = 10.0.40219.1
Project("{FAE04EC0-301F-11D3-BF4B-00C04F79EFBC}") = "SimplePlugins", "SimplePlugins\SimplePlugins.csproj", "{7E862F08-C754-494E-99B9-D61FCD16E8A6}"
EndProject
Global
	GlobalSection(SolutionConfigurationPlatforms) = preSolution
		Debug|Any CPU = Debug|Any CPU
		Release|Any CPU = Release|Any CPU
	EndGlobalSection
	GlobalSection(ProjectConfigurationPlatforms) = postSolution
		{7E862F08-C754-494E-99B9-D61FCD16E8A6}.Debug|Any CPU.ActiveCfg = Debug|Any CPU
		{7E862F08-C754-494E-99B9-D61FCD16E8A6}.Debug|Any CPU.Build.0 = Debug|Any CPU
		{7E862F08-C754-494E-99B9-D61FCD16E8A6}.Release|Any CPU.ActiveCfg = Release|Any CPU
		{7E862F08-C754-494E-99B9-D61FCD16E8A6}.Release|Any CPU.Build.0 = Release|Any CPU
	EndGlobalSection
	GlobalSection(SolutionProperties) = preSolution
		HideSolutionNode = FALSE
	EndGlobalSection
	GlobalSection(ExtensibilityGlobals) = postSolution
		SolutionGuid = {E8F63014-06FC-4271-9AAD-5D925F10D15F}
	EndGlobalSection
EndGlobal
